lockfileVersion: '9.0'

settings:
  autoInstallPeers: true
  excludeLinksFromLockfile: false

importers:

  .:
    devDependencies:
      '@apidevtools/swagger-parser':
        specifier: 13.0.0
        version: 13.0.0(openapi-types@12.1.3)
      ajv:
        specifier: 8.20.0
        version: 8.20.0
      ajv-formats:
        specifier: 3.0.1
        version: 3.0.1(ajv@8.20.0)
      swagger-ui-dist:
        specifier: 5.32.11
        version: 5.32.11

packages:

  '@apidevtools/json-schema-ref-parser@15.3.6':
    resolution: {integrity: sha512-oPFDSviRrreUmCZn09LCD4S9QQa6j7zfEwBM1pkGa/kXY0O4sXsEXn4emLP/Tt6tik2+BtgwKk2eldAeOWZ2Rw==}
    engines: {node: '>=20'}
    peerDependencies:
      '@types/json-schema': ^7.0.15

  '@apidevtools/openapi-schemas@2.1.0':
    resolution: {integrity: sha512-Zc1AlqrJlX3SlpupFGpiLi2EbteyP7fXmUOGup6/DnkRgjP9bgMM/ag+n91rsv0U1Gpz0H3VILA/o3bW7Ua6BQ==}
    engines: {node: '>=10'}

  '@apidevtools/swagger-methods@3.0.2':
    resolution: {integrity: sha512-QAkD5kK2b1WfjDS/UQn/qQkbwF31uqRjPTrsCs5ZG9BQGAkjwvqGFjjPqAuzac/IYzpPtRzjCP1WrTuAIjMrXg==}

  '@apidevtools/swagger-parser@13.0.0':
    resolution: {integrity: sha512-TcvnmBzJD7DBREkc/2qaxMqbKpttOaHhOFsYRYKdYAv6HGY+iNlWY2IUA209C2/NmvL9z8RBZhkrESqvGkjqmw==}
    engines: {node: ^20.19.0 || >=22.12.0}
    peerDependencies:
      openapi-types: '>=7'

  '@scarf/scarf@1.4.0':
    resolution: {integrity: sha512-xxeapPiUXdZAE3che6f3xogoJPeZgig6omHEy1rIY5WVsB3H2BHNnZH+gHG6x91SCWyQCzWGsuL2Hh3ClO5/qQ==}

  '@types/json-schema@7.0.15':
    resolution: {integrity: sha512-5+fP8P8MFNC+AyZCDxrB2pkZFPGzqQWUzpSeuuVLvm8VMcorNYavBqoFcxK8bQz4Qsbn4oUEEem4wDLfcysGHA==}

  ajv-draft-04@1.0.0:
    resolution: {integrity: sha512-mv00Te6nmYbRp5DCwclxtt7yV/joXJPGS7nM+97GdxvuttCOfgI3K4U25zboyeX0O+myI8ERluxQe5wljMmVIw==}
    peerDependencies:
      ajv: ^8.5.0
    peerDependenciesMeta:
      ajv:
        optional: true

  ajv-formats@3.0.1:
    resolution: {integrity: sha512-8iUql50EUR+uUcdRQ3HDqa6EVyo3docL8g5WJ3FNcWmu62IbkGUue/pEyLBW8VGKKucTPgqeks4fIU1DA4yowQ==}
    peerDependencies:
      ajv: ^8.0.0
    peerDependenciesMeta:
      ajv:
        optional: true

  ajv@8.20.0:
    resolution: {integrity: sha512-Thbli+OlOj+iMPYFBVBfJ3OmCAnaSyNn4M1vz9T6Gka5Jt9ba/HIR56joy65tY6kx/FCF5VXNB819Y7/GUrBGA==}

  argparse@2.0.1:
    resolution: {integrity: sha512-8+9WqebbFzpX9OR+Wa6O29asIogeRMzcGtAINdpMHHyAg10f05aSFVBbcEqGf/PXw1EjAZ+q2/bEBg3DvurK3Q==}

  call-me-maybe@1.0.2:
    resolution: {integrity: sha512-HpX65o1Hnr9HH25ojC1YGs7HCQLq0GCOibSaWER0eNpgJ/Z1MZv2mTc7+xh6WOPxbRVcmgbv4hGU+uSQ/2xFZQ==}

  fast-deep-equal@3.1.3:
    resolution: {integrity: sha512-f3qQ9oQy9j2AhBe/H9VC91wLmKBCCU/gDOnKNAYG5hswO7BLKj09Hc5HYNz9cGI++xlpDCIgDaitVs03ATR84Q==}

  fast-uri@3.1.7:
    resolution: {integrity: sha512-dOvZVzjdZdz7phd9v6jCbwxrBW3fK6n8Rc0CtdmM4bumzMnxywBYhuph6J819RRw/ku+rLbelwfMunktuzVVHg==}

  js-yaml@4.3.2:
    resolution: {integrity: sha512-SFNOvSJ+Dgf/9An904Yx+CgSlIPCkIpao4qo51lpee25TIRejdH3rhR4EZMGoNx3/TP3O+wzWuiTFl4sqbltzA==}
    hasBin: true

  json-schema-traverse@1.0.0:
    resolution: {integrity: sha512-NM8/P9n3XjXhIZn1lLhkFaACTOURQXjWhV4BA/RnOv8xvgqtqpAX9IO4mRQxSx1Rlo4tqzeqb0sOlruaOy3dug==}

  openapi-types@12.1.3:
    resolution: {integrity: sha512-N4YtSYJqghVu4iek2ZUvcN/0aqH1kRDuNqzcycDxhOUpg7GdvLa2F3DgS6yBNhInhv2r/6I0Flkn7CqL8+nIcw==}

  require-from-string@2.0.2:
    resolution: {integrity: sha512-Xf0nWe6RseziFMu+Ap9biiUbmplq6S9/p+7w7YXP/JBHhrUDDUhwa+vANyubuqfZWTveU//DYVGsDG7RKL/vEw==}
    engines: {node: '>=0.10.0'}

  swagger-ui-dist@5.32.11:
    resolution: {integrity: sha512-NEZzRuxHHQkbG3GCjNbzz+XRDoM7AztnXyzc2VCW5RXUvZBDW7bb3W29/SPfvav3yOzqnDTOLP2Xzbjxo0bldQ==}

snapshots:

  '@apidevtools/json-schema-ref-parser@15.3.6(@types/json-schema@7.0.15)':
    dependencies:
      '@types/json-schema': 7.0.15
      js-yaml: 4.3.2

  '@apidevtools/openapi-schemas@2.1.0': {}

  '@apidevtools/swagger-methods@3.0.2': {}

  '@apidevtools/swagger-parser@13.0.0(openapi-types@12.1.3)':
    dependencies:
      '@apidevtools/json-schema-ref-parser': 15.3.6(@types/json-schema@7.0.15)
      '@apidevtools/openapi-schemas': 2.1.0
      '@apidevtools/swagger-methods': 3.0.2
      '@types/json-schema': 7.0.15
      ajv: 8.20.0
      ajv-draft-04: 1.0.0(ajv@8.20.0)
      call-me-maybe: 1.0.2
      openapi-types: 12.1.3

  '@scarf/scarf@1.4.0': {}

  '@types/json-schema@7.0.15': {}

  ajv-draft-04@1.0.0(ajv@8.20.0):
    optionalDependencies:
      ajv: 8.20.0

  ajv-formats@3.0.1(ajv@8.20.0):
    optionalDependencies:
      ajv: 8.20.0

  ajv@8.20.0:
    dependencies:
      fast-deep-equal: 3.1.3
      fast-uri: 3.1.7
      json-schema-traverse: 1.0.0
      require-from-string: 2.0.2

  argparse@2.0.1: {}

  call-me-maybe@1.0.2: {}

  fast-deep-equal@3.1.3: {}

  fast-uri@3.1.7: {}

  js-yaml@4.3.2:
    dependencies:
      argparse: 2.0.1

  json-schema-traverse@1.0.0: {}

  openapi-types@12.1.3: {}

  require-from-string@2.0.2: {}

  swagger-ui-dist@5.32.11:
    dependencies:
      '@scarf/scarf': 1.4.0
